
Microsoft Visual Studio Solution File, Format Version 12.00
# Visual Studio Version 17
VisualStudioVersion = 17.0.31903.59
MinimumVisualStudioVersion = 10.0.40219.1
Project("{FAE04EC0-301F-11D3-BF4B-00C04F79EFBC}") = "Auth.API", "Auth.API\Auth.API.csproj", "{099629A1-FCDC-4FD9-A89D-6FEDC3F7C06A}"
EndProject
Project("{FAE04EC0-301F-11D3-BF4B-00C04F79EFBC}") = "Contracts", "..\Shared\Contracts\Contracts.csproj", "{F44967A7-C481-413B-A615-E85E18817E53}"
EndProject
Global
	GlobalSection(SolutionConfigurationPlatforms) = preSolution
		Debug|Any CPU = Debug|Any CPU
		Release|Any CPU = Release|Any CPU
	EndGlobalSection
	GlobalSection(SolutionProperties) = preSolution
		HideSolutionNode = FALSE
	EndGlobalSection
	GlobalSection(ProjectConfigurationPlatforms) = postSolution
		{099629A1-FCDC-4FD9-A89D-6FEDC3F7C06A}.Debug|Any CPU.ActiveCfg = Debug|Any CPU
		{099629A1-FCDC-4FD9-A89D-6FEDC3F7C06A}.Debug|Any CPU.Build.0 = Debug|Any CPU
		{099629A1-FCDC-4FD9-A89D-6FEDC3F7C06A}.Release|Any CPU.ActiveCfg = Release|Any CPU
		{099629A1-FCDC-4FD9-A89D-6FEDC3F7C06A}.Release|Any CPU.Build.0 = Release|Any CPU
		{F44967A7-C481-413B-A615-E85E18817E53}.Debug|Any CPU.ActiveCfg = Debug|Any CPU
		{F44967A7-C481-413B-A615-E85E18817E53}.Debug|Any CPU.Build.0 = Debug|Any CPU
		{F44967A7-C481-413B-A615-E85E18817E53}.Release|Any CPU.ActiveCfg = Release|Any CPU
		{F44967A7-C481-413B-A615-E85E18817E53}.Release|Any CPU.Build.0 = Release|Any CPU
	EndGlobalSection
EndGlobal
