
Microsoft Visual Studio Solution File, Format Version 12.00
# Visual Studio Version 17
VisualStudioVersion = 17.0.31903.59
MinimumVisualStudioVersion = 10.0.40219.1
Project("{2150E333-8FDC-42A3-9474-1A3956D46DE8}") = "AuthService", "AuthService", "{71B590FC-97A4-49B1-B25D-2B0AB84388BC}"
EndProject
Project("{FAE04EC0-301F-11D3-BF4B-00C04F79EFBC}") = "Auth.API", "AuthService\Auth.API\Auth.API.csproj", "{AFC17B43-5E7D-4163-B2D2-7CB7DFD603B8}"
EndProject
Project("{2150E333-8FDC-42A3-9474-1A3956D46DE8}") = "UserService", "UserService", "{3D0D730B-0797-4FBA-BDF6-3E428A17F9CA}"
EndProject
Project("{FAE04EC0-301F-11D3-BF4B-00C04F79EFBC}") = "User.API", "UserService\User.API\User.API.csproj", "{26E3A5D9-3AC5-4592-A9C4-EB46C1CAEE85}"
EndProject
Project("{2150E333-8FDC-42A3-9474-1A3956D46DE8}") = "RestaurantService", "RestaurantService", "{7303D0CA-DC61-4952-8098-55BFC3265920}"
EndProject
Project("{FAE04EC0-301F-11D3-BF4B-00C04F79EFBC}") = "Restaurant.API", "RestaurantService\Restaurant.API\Restaurant.API.csproj", "{E04DAC16-21AC-4609-828C-44D4E538D908}"
EndProject
Project("{2150E333-8FDC-42A3-9474-1A3956D46DE8}") = "AdminPanelService", "AdminPanelService", "{F27D1CEB-C2D0-4C26-A721-210BA21CA892}"
EndProject
Project("{FAE04EC0-301F-11D3-BF4B-00C04F79EFBC}") = "AdminPanel.API", "AdminPanelService\AdminPanel.API\AdminPanel.API.csproj", "{75E91106-C40D-4820-8095-9B5B01C5ED27}"
EndProject
Project("{2150E333-8FDC-42A3-9474-1A3956D46DE8}") = "OrderService", "OrderService", "{CDBE7E4D-A84A-4D75-98D8-AEDBC740CE8E}"
EndProject
Project("{FAE04EC0-301F-11D3-BF4B-00C04F79EFBC}") = "Order.API", "OrderService\Order.API\Order.API.csproj", "{1C60AA9E-8382-43F9-A525-2BB5F54519BB}"
EndProject
Project("{2150E333-8FDC-42A3-9474-1A3956D46DE8}") = "PaymentService", "PaymentService", "{53AC0736-A84B-458D-8807-206F10146EC2}"
EndProject
Project("{FAE04EC0-301F-11D3-BF4B-00C04F79EFBC}") = "Payment.API", "PaymentService\Payment.API\Payment.API.csproj", "{7E300E6D-52E8-42B6-BECD-C253A02E573F}"
EndProject
Project("{2150E333-8FDC-42A3-9474-1A3956D46DE8}") = "Gateway", "Gateway", "{E717B57E-8E63-4626-96E1-F391C6405F76}"
EndProject
Project("{FAE04EC0-301F-11D3-BF4B-00C04F79EFBC}") = "Gateway.API", "Gateway\Gateway.API\Gateway.API.csproj", "{1F17DACD-4876-4049-95DE-AC5D33EEB2EC}"
EndProject
Project("{2150E333-8FDC-42A3-9474-1A3956D46DE8}") = "NotificationService", "NotificationService", "{6A41CF0E-0C05-4265-B977-5111539F1254}"
EndProject
Project("{FAE04EC0-301F-11D3-BF4B-00C04F79EFBC}") = "Notification.API", "NotificationService\Notification.API\Notification.API.csproj", "{275B6E33-381B-4911-B6FA-2BFE47961A4D}"
EndProject
Global
	GlobalSection(SolutionConfigurationPlatforms) = preSolution
		Debug|Any CPU = Debug|Any CPU
		Release|Any CPU = Release|Any CPU
	EndGlobalSection
	GlobalSection(SolutionProperties) = preSolution
		HideSolutionNode = FALSE
	EndGlobalSection
	GlobalSection(ProjectConfigurationPlatforms) = postSolution
		{AFC17B43-5E7D-4163-B2D2-7CB7DFD603B8}.Debug|Any CPU.ActiveCfg = Debug|Any CPU
		{AFC17B43-5E7D-4163-B2D2-7CB7DFD603B8}.Debug|Any CPU.Build.0 = Debug|Any CPU
		{AFC17B43-5E7D-4163-B2D2-7CB7DFD603B8}.Release|Any CPU.ActiveCfg = Release|Any CPU
		{AFC17B43-5E7D-4163-B2D2-7CB7DFD603B8}.Release|Any CPU.Build.0 = Release|Any CPU
		{26E3A5D9-3AC5-4592-A9C4-EB46C1CAEE85}.Debug|Any CPU.ActiveCfg = Debug|Any CPU
		{26E3A5D9-3AC5-4592-A9C4-EB46C1CAEE85}.Debug|Any CPU.Build.0 = Debug|Any CPU
		{26E3A5D9-3AC5-4592-A9C4-EB46C1CAEE85}.Release|Any CPU.ActiveCfg = Release|Any CPU
		{26E3A5D9-3AC5-4592-A9C4-EB46C1CAEE85}.Release|Any CPU.Build.0 = Release|Any CPU
		{E04DAC16-21AC-4609-828C-44D4E538D908}.Debug|Any CPU.ActiveCfg = Debug|Any CPU
		{E04DAC16-21AC-4609-828C-44D4E538D908}.Debug|Any CPU.Build.0 = Debug|Any CPU
		{E04DAC16-21AC-4609-828C-44D4E538D908}.Release|Any CPU.ActiveCfg = Release|Any CPU
		{E04DAC16-21AC-4609-828C-44D4E538D908}.Release|Any CPU.Build.0 = Release|Any CPU
		{75E91106-C40D-4820-8095-9B5B01C5ED27}.Debug|Any CPU.ActiveCfg = Debug|Any CPU
		{75E91106-C40D-4820-8095-9B5B01C5ED27}.Debug|Any CPU.Build.0 = Debug|Any CPU
		{75E91106-C40D-4820-8095-9B5B01C5ED27}.Release|Any CPU.ActiveCfg = Release|Any CPU
		{75E91106-C40D-4820-8095-9B5B01C5ED27}.Release|Any CPU.Build.0 = Release|Any CPU
		{1C60AA9E-8382-43F9-A525-2BB5F54519BB}.Debug|Any CPU.ActiveCfg = Debug|Any CPU
		{1C60AA9E-8382-43F9-A525-2BB5F54519BB}.Debug|Any CPU.Build.0 = Debug|Any CPU
		{1C60AA9E-8382-43F9-A525-2BB5F54519BB}.Release|Any CPU.ActiveCfg = Release|Any CPU
		{1C60AA9E-8382-43F9-A525-2BB5F54519BB}.Release|Any CPU.Build.0 = Release|Any CPU
		{7E300E6D-52E8-42B6-BECD-C253A02E573F}.Debug|Any CPU.ActiveCfg = Debug|Any CPU
		{7E300E6D-52E8-42B6-BECD-C253A02E573F}.Debug|Any CPU.Build.0 = Debug|Any CPU
		{7E300E6D-52E8-42B6-BECD-C253A02E573F}.Release|Any CPU.ActiveCfg = Release|Any CPU
		{7E300E6D-52E8-42B6-BECD-C253A02E573F}.Release|Any CPU.Build.0 = Release|Any CPU
		{1F17DACD-4876-4049-95DE-AC5D33EEB2EC}.Debug|Any CPU.ActiveCfg = Debug|Any CPU
		{1F17DACD-4876-4049-95DE-AC5D33EEB2EC}.Debug|Any CPU.Build.0 = Debug|Any CPU
		{1F17DACD-4876-4049-95DE-AC5D33EEB2EC}.Release|Any CPU.ActiveCfg = Release|Any CPU
		{1F17DACD-4876-4049-95DE-AC5D33EEB2EC}.Release|Any CPU.Build.0 = Release|Any CPU
		{275B6E33-381B-4911-B6FA-2BFE47961A4D}.Debug|Any CPU.ActiveCfg = Debug|Any CPU
		{275B6E33-381B-4911-B6FA-2BFE47961A4D}.Debug|Any CPU.Build.0 = Debug|Any CPU
		{275B6E33-381B-4911-B6FA-2BFE47961A4D}.Release|Any CPU.ActiveCfg = Release|Any CPU
		{275B6E33-381B-4911-B6FA-2BFE47961A4D}.Release|Any CPU.Build.0 = Release|Any CPU
	EndGlobalSection
	GlobalSection(NestedProjects) = preSolution
		{AFC17B43-5E7D-4163-B2D2-7CB7DFD603B8} = {71B590FC-97A4-49B1-B25D-2B0AB84388BC}
		{26E3A5D9-3AC5-4592-A9C4-EB46C1CAEE85} = {3D0D730B-0797-4FBA-BDF6-3E428A17F9CA}
		{E04DAC16-21AC-4609-828C-44D4E538D908} = {7303D0CA-DC61-4952-8098-55BFC3265920}
		{75E91106-C40D-4820-8095-9B5B01C5ED27} = {F27D1CEB-C2D0-4C26-A721-210BA21CA892}
		{1C60AA9E-8382-43F9-A525-2BB5F54519BB} = {CDBE7E4D-A84A-4D75-98D8-AEDBC740CE8E}
		{7E300E6D-52E8-42B6-BECD-C253A02E573F} = {53AC0736-A84B-458D-8807-206F10146EC2}
		{1F17DACD-4876-4049-95DE-AC5D33EEB2EC} = {E717B57E-8E63-4626-96E1-F391C6405F76}
		{275B6E33-381B-4911-B6FA-2BFE47961A4D} = {6A41CF0E-0C05-4265-B977-5111539F1254}
	EndGlobalSection
EndGlobal
